
Microsoft Visual Studio Solution File, Format Version 12.00
# Visual Studio Version 17
VisualStudioVersion = 17.0.31903.59
MinimumVisualStudioVersion = 10.0.40219.1
Project("{FAE04EC0-301F-11D3-BF4B-00C04F79EFBC}") = "DungeonSlime", "DungeonSlime\DungeonSlime.csproj", "{CBD22399-8606-4552-8BCA-D9444DD26884}"
EndProject
Project("{FAE04EC0-301F-11D3-BF4B-00C04F79EFBC}") = "HowlEngine.AssetManagement", "..\HowlEngine.AssetManagement\HowlEngine.AssetManagement.csproj", "{DA03090B-121B-4BD0-8C09-DEDD84B75513}"
EndProject
Project("{FAE04EC0-301F-11D3-BF4B-00C04F79EFBC}") = "HowlEngine.Audio", "..\HowlEngine.Audio\HowlEngine.Audio.csproj", "{51905CFF-DDEB-4A10-9027-98FC72C7D6AF}"
EndProject
Project("{FAE04EC0-301F-11D3-BF4B-00C04F79EFBC}") = "HowlEngine.Collections", "..\HowlEngine.Collections\HowlEngine.Collections.csproj", "{4E5D7B99-28C7-46D2-9797-E3FCF33DCDF1}"
EndProject
Project("{FAE04EC0-301F-11D3-BF4B-00C04F79EFBC}") = "HowlEngine.Core", "..\HowlEngine.Core\HowlEngine.Core\HowlEngine.Core.csproj", "{47BBE6C8-32D2-492C-9E95-127DFA405C48}"
EndProject
Project("{FAE04EC0-301F-11D3-BF4B-00C04F79EFBC}") = "HowlEngine.ECS", "..\HowlEngine.ECS\HowlEngine.ECS.csproj", "{40580C0C-CB6D-46F1-B774-8D72721DBE48}"
EndProject
Project("{FAE04EC0-301F-11D3-BF4B-00C04F79EFBC}") = "HowlEngine.Graphics", "..\HowlEngine.Graphics\HowlEngine.Graphics.csproj", "{BE3AB668-37CA-4519-9D80-39D3804A9851}"
EndProject
Project("{FAE04EC0-301F-11D3-BF4B-00C04F79EFBC}") = "HowlEngine.Physics", "..\HowlEngine.Physics\HowlEngine.Physics.csproj", "{9101BDFF-0F45-4231-A709-5BF0FF63D922}"
EndProject
Project("{FAE04EC0-301F-11D3-BF4B-00C04F79EFBC}") = "HowlEngine.SceneManagement", "..\HowlEngine.SceneManagement\HowlEngine.SceneManagement.csproj", "{8E8214C9-3D74-4F23-89CE-DA13A408D63F}"
EndProject
Global
	GlobalSection(SolutionConfigurationPlatforms) = preSolution
		Debug|Any CPU = Debug|Any CPU
		Release|Any CPU = Release|Any CPU
	EndGlobalSection
	GlobalSection(ProjectConfigurationPlatforms) = postSolution
		{CBD22399-8606-4552-8BCA-D9444DD26884}.Debug|Any CPU.ActiveCfg = Debug|Any CPU
		{CBD22399-8606-4552-8BCA-D9444DD26884}.Debug|Any CPU.Build.0 = Debug|Any CPU
		{CBD22399-8606-4552-8BCA-D9444DD26884}.Release|Any CPU.ActiveCfg = Release|Any CPU
		{CBD22399-8606-4552-8BCA-D9444DD26884}.Release|Any CPU.Build.0 = Release|Any CPU
		{DA03090B-121B-4BD0-8C09-DEDD84B75513}.Debug|Any CPU.ActiveCfg = Debug|Any CPU
		{DA03090B-121B-4BD0-8C09-DEDD84B75513}.Debug|Any CPU.Build.0 = Debug|Any CPU
		{DA03090B-121B-4BD0-8C09-DEDD84B75513}.Release|Any CPU.ActiveCfg = Release|Any CPU
		{DA03090B-121B-4BD0-8C09-DEDD84B75513}.Release|Any CPU.Build.0 = Release|Any CPU
		{51905CFF-DDEB-4A10-9027-98FC72C7D6AF}.Debug|Any CPU.ActiveCfg = Debug|Any CPU
		{51905CFF-DDEB-4A10-9027-98FC72C7D6AF}.Debug|Any CPU.Build.0 = Debug|Any CPU
		{51905CFF-DDEB-4A10-9027-98FC72C7D6AF}.Release|Any CPU.ActiveCfg = Release|Any CPU
		{51905CFF-DDEB-4A10-9027-98FC72C7D6AF}.Release|Any CPU.Build.0 = Release|Any CPU
		{4E5D7B99-28C7-46D2-9797-E3FCF33DCDF1}.Debug|Any CPU.ActiveCfg = Debug|Any CPU
		{4E5D7B99-28C7-46D2-9797-E3FCF33DCDF1}.Debug|Any CPU.Build.0 = Debug|Any CPU
		{4E5D7B99-28C7-46D2-9797-E3FCF33DCDF1}.Release|Any CPU.ActiveCfg = Release|Any CPU
		{4E5D7B99-28C7-46D2-9797-E3FCF33DCDF1}.Release|Any CPU.Build.0 = Release|Any CPU
		{47BBE6C8-32D2-492C-9E95-127DFA405C48}.Debug|Any CPU.ActiveCfg = Debug|Any CPU
		{47BBE6C8-32D2-492C-9E95-127DFA405C48}.Debug|Any CPU.Build.0 = Debug|Any CPU
		{47BBE6C8-32D2-492C-9E95-127DFA405C48}.Release|Any CPU.ActiveCfg = Release|Any CPU
		{47BBE6C8-32D2-492C-9E95-127DFA405C48}.Release|Any CPU.Build.0 = Release|Any CPU
		{40580C0C-CB6D-46F1-B774-8D72721DBE48}.Debug|Any CPU.ActiveCfg = Debug|Any CPU
		{40580C0C-CB6D-46F1-B774-8D72721DBE48}.Debug|Any CPU.Build.0 = Debug|Any CPU
		{40580C0C-CB6D-46F1-B774-8D72721DBE48}.Release|Any CPU.ActiveCfg = Release|Any CPU
		{40580C0C-CB6D-46F1-B774-8D72721DBE48}.Release|Any CPU.Build.0 = Release|Any CPU
		{BE3AB668-37CA-4519-9D80-39D3804A9851}.Debug|Any CPU.ActiveCfg = Debug|Any CPU
		{BE3AB668-37CA-4519-9D80-39D3804A9851}.Debug|Any CPU.Build.0 = Debug|Any CPU
		{BE3AB668-37CA-4519-9D80-39D3804A9851}.Release|Any CPU.ActiveCfg = Release|Any CPU
		{BE3AB668-37CA-4519-9D80-39D3804A9851}.Release|Any CPU.Build.0 = Release|Any CPU
		{9101BDFF-0F45-4231-A709-5BF0FF63D922}.Debug|Any CPU.ActiveCfg = Debug|Any CPU
		{9101BDFF-0F45-4231-A709-5BF0FF63D922}.Debug|Any CPU.Build.0 = Debug|Any CPU
		{9101BDFF-0F45-4231-A709-5BF0FF63D922}.Release|Any CPU.ActiveCfg = Release|Any CPU
		{9101BDFF-0F45-4231-A709-5BF0FF63D922}.Release|Any CPU.Build.0 = Release|Any CPU
		{8E8214C9-3D74-4F23-89CE-DA13A408D63F}.Debug|Any CPU.ActiveCfg = Debug|Any CPU
		{8E8214C9-3D74-4F23-89CE-DA13A408D63F}.Debug|Any CPU.Build.0 = Debug|Any CPU
		{8E8214C9-3D74-4F23-89CE-DA13A408D63F}.Release|Any CPU.ActiveCfg = Release|Any CPU
		{8E8214C9-3D74-4F23-89CE-DA13A408D63F}.Release|Any CPU.Build.0 = Release|Any CPU
	EndGlobalSection
	GlobalSection(SolutionProperties) = preSolution
		HideSolutionNode = FALSE
	EndGlobalSection
EndGlobal
